// !$*UTF8*$!
{
	archiveVersion = 1;
	classes = {
	};
	objectVersion = 50;
	objects = {

/* Begin PBXBuildFile section */
		090EEBEB2509B373001DDC3E /* AppDelegate.swift in Sources */ = {isa = PBXBuildFile; fileRef = 090EEBEA2509B373001DDC3E /* AppDelegate.swift */; };
		090EEBED2509B373001DDC3E /* SceneDelegate.swift in Sources */ = {isa = PBXBuildFile; fileRef = 090EEBEC2509B373001DDC3E /* SceneDelegate.swift */; };
		090EEBF42509B375001DDC3E /* Assets.xcassets in Resources */ = {isa = PBXBuildFile; fileRef = 090EEBF32509B375001DDC3E /* Assets.xcassets */; };
		090EEC0B2509E1B1001DDC3E /* Restaurant.swift in Sources */ = {isa = PBXBuildFile; fileRef = 090EEC0A2509E1B1001DDC3E /* Restaurant.swift */; };
		09602EC5250B0D2C000B50E3 /* RestaurantDetailIconTextCell.swift in Sources */ = {isa = PBXBuildFile; fileRef = 09602EC4250B0D2C000B50E3 /* RestaurantDetailIconTextCell.swift */; };
		09602EC7250B0D32000B50E3 /* RestaurantDetailTextCell.swift in Sources */ = {isa = PBXBuildFile; fileRef = 09602EC6250B0D32000B50E3 /* RestaurantDetailTextCell.swift */; };
		09602ECA250B0D89000B50E3 /* RestaurantTableViewCell.swift in Sources */ = {isa = PBXBuildFile; fileRef = 09602EC8250B0D89000B50E3 /* RestaurantTableViewCell.swift */; };
		09602ECB250B0D89000B50E3 /* RestaurantDetailHeaderView.swift in Sources */ = {isa = PBXBuildFile; fileRef = 09602EC9250B0D89000B50E3 /* RestaurantDetailHeaderView.swift */; };
		09602ECE250B0D9B000B50E3 /* RestaurantTableViewController.swift in Sources */ = {isa = PBXBuildFile; fileRef = 09602ECC250B0D9B000B50E3 /* RestaurantTableViewController.swift */; };
		09602ECF250B0D9B000B50E3 /* RestaurantDetailViewController.swift in Sources */ = {isa = PBXBuildFile; fileRef = 09602ECD250B0D9B000B50E3 /* RestaurantDetailViewController.swift */; };
		09B3AE75250B125900C24B1F /* LaunchScreen.storyboard in Resources */ = {isa = PBXBuildFile; fileRef = 09B3AE73250B125800C24B1F /* LaunchScreen.storyboard */; };
		09B3AE76250B125900C24B1F /* Main.storyboard in Resources */ = {isa = PBXBuildFile; fileRef = 09B3AE74250B125900C24B1F /* Main.storyboard */; };
		09CAF07C250B1A5C00C4140D /* Rubik-Light.ttf in Resources */ = {isa = PBXBuildFile; fileRef = 09CAF06E250B1A5C00C4140D /* Rubik-Light.ttf */; };
		09CAF07D250B1A5C00C4140D /* Rubik-SemiBoldItalic.ttf in Resources */ = {isa = PBXBuildFile; fileRef = 09CAF06F250B1A5C00C4140D /* Rubik-SemiBoldItalic.ttf */; };
		09CAF07E250B1A5C00C4140D /* Rubik-Black.ttf in Resources */ = {isa = PBXBuildFile; fileRef = 09CAF070250B1A5C00C4140D /* Rubik-Black.ttf */; };
		09CAF07F250B1A5C00C4140D /* Rubik-Medium.ttf in Resources */ = {isa = PBXBuildFile; fileRef = 09CAF071250B1A5C00C4140D /* Rubik-Medium.ttf */; };
		09CAF080250B1A5C00C4140D /* Rubik-MediumItalic.ttf in Resources */ = {isa = PBXBuildFile; fileRef = 09CAF072250B1A5C00C4140D /* Rubik-MediumItalic.ttf */; };
		09CAF081250B1A5C00C4140D /* Rubik-SemiBold.ttf in Resources */ = {isa = PBXBuildFile; fileRef = 09CAF073250B1A5C00C4140D /* Rubik-SemiBold.ttf */; };
		09CAF082250B1A5C00C4140D /* Rubik-BlackItalic.ttf in Resources */ = {isa = PBXBuildFile; fileRef = 09CAF074250B1A5C00C4140D /* Rubik-BlackItalic.ttf */; };
		09CAF083250B1A5C00C4140D /* Rubik-Regular.ttf in Resources */ = {isa = PBXBuildFile; fileRef = 09CAF075250B1A5C00C4140D /* Rubik-Regular.ttf */; };
		09CAF084250B1A5C00C4140D /* Rubik-Italic.ttf in Resources */ = {isa = PBXBuildFile; fileRef = 09CAF076250B1A5C00C4140D /* Rubik-Italic.ttf */; };
		09CAF085250B1A5C00C4140D /* Rubik-Bold.ttf in Resources */ = {isa = PBXBuildFile; fileRef = 09CAF077250B1A5C00C4140D /* Rubik-Bold.ttf */; };
		09CAF086250B1A5C00C4140D /* Rubik-BoldItalic.ttf in Resources */ = {isa = PBXBuildFile; fileRef = 09CAF078250B1A5C00C4140D /* Rubik-BoldItalic.ttf */; };
		09CAF087250B1A5C00C4140D /* Rubik-LightItalic.ttf in Resources */ = {isa = PBXBuildFile; fileRef = 09CAF079250B1A5C00C4140D /* Rubik-LightItalic.ttf */; };
		09CAF088250B1A5C00C4140D /* Rubik-ExtraBold.ttf in Resources */ = {isa = PBXBuildFile; fileRef = 09CAF07A250B1A5C00C4140D /* Rubik-ExtraBold.ttf */; };
		09CAF089250B1A5C00C4140D /* Rubik-ExtraBoldItalic.ttf in Resources */ = {isa = PBXBuildFile; fileRef = 09CAF07B250B1A5C00C4140D /* Rubik-ExtraBoldItalic.ttf */; };
/* End PBXBuildFile section */

/* Begin PBXFileReference section */
		090EEBE72509B373001DDC3E /* FoodPin.app */ = {isa = PBXFileReference; explicitFileType = wrapper.application; includeInIndex = 0; path = FoodPin.app; sourceTree = BUILT_PRODUCTS_DIR; };
		090EEBEA2509B373001DDC3E /* AppDelegate.swift */ = {isa = PBXFileReference; lastKnownFileType = sourcecode.swift; path = AppDelegate.swift; sourceTree = "<group>"; };
		090EEBEC2509B373001DDC3E /* SceneDelegate.swift */ = {isa = PBXFileReference; lastKnownFileType = sourcecode.swift; path = SceneDelegate.swift; sourceTree = "<group>"; };
		090EEBF32509B375001DDC3E /* Assets.xcassets */ = {isa = PBXFileReference; lastKnownFileType = folder.assetcatalog; path = Assets.xcassets; sourceTree = "<group>"; };
		090EEBF82509B375001DDC3E /* Info.plist */ = {isa = PBXFileReference; lastKnownFileType = text.plist.xml; path = Info.plist; sourceTree = "<group>"; };
		090EEC0A2509E1B1001DDC3E /* Restaurant.swift */ = {isa = PBXFileReference; lastKnownFileType = sourcecode.swift; path = Restaurant.swift; sourceTree = "<group>"; };
		09602EC4250B0D2C000B50E3 /* RestaurantDetailIconTextCell.swift */ = {isa = PBXFileReference; fileEncoding = 4; lastKnownFileType = sourcecode.swift; path = RestaurantDetailIconTextCell.swift; sourceTree = "<group>"; };
		09602EC6250B0D32000B50E3 /* RestaurantDetailTextCell.swift */ = {isa = PBXFileReference; fileEncoding = 4; lastKnownFileType = sourcecode.swift; path = RestaurantDetailTextCell.swift; sourceTree = "<group>"; };
		09602EC8250B0D89000B50E3 /* RestaurantTableViewCell.swift */ = {isa = PBXFileReference; fileEncoding = 4; lastKnownFileType = sourcecode.swift; path = RestaurantTableViewCell.swift; sourceTree = "<group>"; };
		09602EC9250B0D89000B50E3 /* RestaurantDetailHeaderView.swift */ = {isa = PBXFileReference; fileEncoding = 4; lastKnownFileType = sourcecode.swift; path = RestaurantDetailHeaderView.swift; sourceTree = "<group>"; };
		09602ECC250B0D9B000B50E3 /* RestaurantTableViewController.swift */ = {isa = PBXFileReference; fileEncoding = 4; lastKnownFileType = sourcecode.swift; path = RestaurantTableViewController.swift; sourceTree = "<group>"; };
		09602ECD250B0D9B000B50E3 /* RestaurantDetailViewController.swift */ = {isa = PBXFileReference; fileEncoding = 4; lastKnownFileType = sourcecode.swift; path = RestaurantDetailViewController.swift; sourceTree = "<group>"; };
		09B3AE73250B125800C24B1F /* LaunchScreen.storyboard */ = {isa = PBXFileReference; fileEncoding = 4; lastKnownFileType = file.storyboard; path = LaunchScreen.storyboard; sourceTree = "<group>"; };
		09B3AE74250B125900C24B1F /* Main.storyboard */ = {isa = PBXFileReference; fileEncoding = 4; lastKnownFileType = file.storyboard; path = Main.storyboard; sourceTree = "<group>"; };
		09CAF06E250B1A5C00C4140D /* Rubik-Light.ttf */ = {isa = PBXFileReference; lastKnownFileType = file; name = "Rubik-Light.ttf"; path = "FoodPin/Resources/Fonts/Rubik-Light.ttf"; sourceTree = SOURCE_ROOT; };
		09CAF06F250B1A5C00C4140D /* Rubik-SemiBoldItalic.ttf */ = {isa = PBXFileReference; lastKnownFileType = file; name = "Rubik-SemiBoldItalic.ttf"; path = "FoodPin/Resources/Fonts/Rubik-SemiBoldItalic.ttf"; sourceTree = SOURCE_ROOT; };
		09CAF070250B1A5C00C4140D /* Rubik-Black.ttf */ = {isa = PBXFileReference; lastKnownFileType = file; name = "Rubik-Black.ttf"; path = "FoodPin/Resources/Fonts/Rubik-Black.ttf"; sourceTree = SOURCE_ROOT; };
		09CAF071250B1A5C00C4140D /* Rubik-Medium.ttf */ = {isa = PBXFileReference; lastKnownFileType = file; name = "Rubik-Medium.ttf"; path = "FoodPin/Resources/Fonts/Rubik-Medium.ttf"; sourceTree = SOURCE_ROOT; };
		09CAF072250B1A5C00C4140D /* Rubik-MediumItalic.ttf */ = {isa = PBXFileReference; lastKnownFileType = file; name = "Rubik-MediumItalic.ttf"; path = "FoodPin/Resources/Fonts/Rubik-MediumItalic.ttf"; sourceTree = SOURCE_ROOT; };
		09CAF073250B1A5C00C4140D /* Rubik-SemiBold.ttf */ = {isa = PBXFileReference; lastKnownFileType = file; name = "Rubik-SemiBold.ttf"; path = "FoodPin/Resources/Fonts/Rubik-SemiBold.ttf"; sourceTree = SOURCE_ROOT; };
		09CAF074250B1A5C00C4140D /* Rubik-BlackItalic.ttf */ = {isa = PBXFileReference; lastKnownFileType = file; name = "Rubik-BlackItalic.ttf"; path = "FoodPin/Resources/Fonts/Rubik-BlackItalic.ttf"; sourceTree = SOURCE_ROOT; };
		09CAF075250B1A5C00C4140D /* Rubik-Regular.ttf */ = {isa = PBXFileReference; lastKnownFileType = file; name = "Rubik-Regular.ttf"; path = "FoodPin/Resources/Fonts/Rubik-Regular.ttf"; sourceTree = SOURCE_ROOT; };
		09CAF076250B1A5C00C4140D /* Rubik-Italic.ttf */ = {isa = PBXFileReference; lastKnownFileType = file; name = "Rubik-Italic.ttf"; path = "FoodPin/Resources/Fonts/Rubik-Italic.ttf"; sourceTree = SOURCE_ROOT; };
		09CAF077250B1A5C00C4140D /* Rubik-Bold.ttf */ = {isa = PBXFileReference; lastKnownFileType = file; name = "Rubik-Bold.ttf"; path = "FoodPin/Resources/Fonts/Rubik-Bold.ttf"; sourceTree = SOURCE_ROOT; };
		09CAF078250B1A5C00C4140D /* Rubik-BoldItalic.ttf */ = {isa = PBXFileReference; lastKnownFileType = file; name = "Rubik-BoldItalic.ttf"; path = "FoodPin/Resources/Fonts/Rubik-BoldItalic.ttf"; sourceTree = SOURCE_ROOT; };
		09CAF079250B1A5C00C4140D /* Rubik-LightItalic.ttf */ = {isa = PBXFileReference; lastKnownFileType = file; name = "Rubik-LightItalic.ttf"; path = "FoodPin/Resources/Fonts/Rubik-LightItalic.ttf"; sourceTree = SOURCE_ROOT; };
		09CAF07A250B1A5C00C4140D /* Rubik-ExtraBold.ttf */ = {isa = PBXFileReference; lastKnownFileType = file; name = "Rubik-ExtraBold.ttf"; path = "FoodPin/Resources/Fonts/Rubik-ExtraBold.ttf"; sourceTree = SOURCE_ROOT; };
		09CAF07B250B1A5C00C4140D /* Rubik-ExtraBoldItalic.ttf */ = {isa = PBXFileReference; lastKnownFileType = file; name = "Rubik-ExtraBoldItalic.ttf"; path = "FoodPin/Resources/Fonts/Rubik-ExtraBoldItalic.ttf"; sourceTree = SOURCE_ROOT; };
/* End PBXFileReference section */

/* Begin PBXFrameworksBuildPhase section */
		090EEBE42509B373001DDC3E /* Frameworks */ = {
			isa = PBXFrameworksBuildPhase;
			buildActionMask = 2147483647;
			files = (
			);
			runOnlyForDeploymentPostprocessing = 0;
		};
/* End PBXFrameworksBuildPhase section */

/* Begin PBXGroup section */
		090EEBDE2509B373001DDC3E = {
			isa = PBXGroup;
			children = (
				090EEC0D2509E5BA001DDC3E /* Resources */,
				090EEBE92509B373001DDC3E /* FoodPin */,
				090EEBE82509B373001DDC3E /* Products */,
			);
			sourceTree = "<group>";
		};
		090EEBE82509B373001DDC3E /* Products */ = {
			isa = PBXGroup;
			children = (
				090EEBE72509B373001DDC3E /* FoodPin.app */,
			);
			name = Products;
			sourceTree = "<group>";
		};
		090EEBE92509B373001DDC3E /* FoodPin */ = {
			isa = PBXGroup;
			children = (
				090EEBEA2509B373001DDC3E /* AppDelegate.swift */,
				090EEBEC2509B373001DDC3E /* SceneDelegate.swift */,
				09602EBD250B0CCA000B50E3 /* Storyboard */,
				090EEC092509E08B001DDC3E /* View */,
				090EEC0C2509E1BA001DDC3E /* Model */,
				090EEC082509E070001DDC3E /* Controller */,
				090EEBF32509B375001DDC3E /* Assets.xcassets */,
				090EEBF82509B375001DDC3E /* Info.plist */,
			);
			path = FoodPin;
			sourceTree = "<group>";
		};
		090EEC082509E070001DDC3E /* Controller */ = {
			isa = PBXGroup;
			children = (
				09602ECD250B0D9B000B50E3 /* RestaurantDetailViewController.swift */,
				09602ECC250B0D9B000B50E3 /* RestaurantTableViewController.swift */,
			);
			path = Controller;
			sourceTree = "<group>";
		};
		090EEC092509E08B001DDC3E /* View */ = {
			isa = PBXGroup;
			children = (
				09602EC9250B0D89000B50E3 /* RestaurantDetailHeaderView.swift */,
				09602EC8250B0D89000B50E3 /* RestaurantTableViewCell.swift */,
				09602EC4250B0D2C000B50E3 /* RestaurantDetailIconTextCell.swift */,
				09602EC6250B0D32000B50E3 /* RestaurantDetailTextCell.swift */,
			);
			path = View;
			sourceTree = "<group>";
		};
		090EEC0C2509E1BA001DDC3E /* Model */ = {
			isa = PBXGroup;
			children = (
				090EEC0A2509E1B1001DDC3E /* Restaurant.swift */,
			);
			path = Model;
			sourceTree = "<group>";
		};
		090EEC0D2509E5BA001DDC3E /* Resources */ = {
			isa = PBXGroup;
			children = (
				090EEC0E2509E5C5001DDC3E /* Fonts */,
			);
			path = Resources;
			sourceTree = "<group>";
		};
		090EEC0E2509E5C5001DDC3E /* Fonts */ = {
			isa = PBXGroup;
			children = (
				09CAF070250B1A5C00C4140D /* Rubik-Black.ttf */,
				09CAF074250B1A5C00C4140D /* Rubik-BlackItalic.ttf */,
				09CAF077250B1A5C00C4140D /* Rubik-Bold.ttf */,
				09CAF078250B1A5C00C4140D /* Rubik-BoldItalic.ttf */,
				09CAF07A250B1A5C00C4140D /* Rubik-ExtraBold.ttf */,
				09CAF07B250B1A5C00C4140D /* Rubik-ExtraBoldItalic.ttf */,
				09CAF076250B1A5C00C4140D /* Rubik-Italic.ttf */,
				09CAF06E250B1A5C00C4140D /* Rubik-Light.ttf */,
				09CAF079250B1A5C00C4140D /* Rubik-LightItalic.ttf */,
				09CAF071250B1A5C00C4140D /* Rubik-Medium.ttf */,
				09CAF072250B1A5C00C4140D /* Rubik-MediumItalic.ttf */,
				09CAF075250B1A5C00C4140D /* Rubik-Regular.ttf */,
				09CAF073250B1A5C00C4140D /* Rubik-SemiBold.ttf */,
				09CAF06F250B1A5C00C4140D /* Rubik-SemiBoldItalic.ttf */,
			);
			path = Fonts;
			sourceTree = "<group>";
		};
		09602EBD250B0CCA000B50E3 /* Storyboard */ = {
			isa = PBXGroup;
			children = (
				09B3AE73250B125800C24B1F /* LaunchScreen.storyboard */,
				09B3AE74250B125900C24B1F /* Main.storyboard */,
			);
			name = Storyboard;
			path = "../../../FoodPin 8/FoodPin/Storyboard";
			sourceTree = "<group>";
		};
/* End PBXGroup section */

/* Begin PBXNativeTarget section */
		090EEBE62509B373001DDC3E /* FoodPin */ = {
			isa = PBXNativeTarget;
			buildConfigurationList = 090EEBFB2509B375001DDC3E /* Build configuration list for PBXNativeTarget "FoodPin" */;
			buildPhases = (
				090EEBE32509B373001DDC3E /* Sources */,
				090EEBE42509B373001DDC3E /* Frameworks */,
				090EEBE52509B373001DDC3E /* Resources */,
			);
			buildRules = (
			);
			dependencies = (
			);
			name = FoodPin;
			productName = FoodPin;
			productReference = 090EEBE72509B373001DDC3E /* FoodPin.app */;
			productType = "com.apple.product-type.application";
		};
/* End PBXNativeTarget section */

/* Begin PBXProject section */
		090EEBDF2509B373001DDC3E /* Project object */ = {
			isa = PBXProject;
			attributes = {
				LastSwiftUpdateCheck = 1160;
				LastUpgradeCheck = 1160;
				ORGANIZATIONNAME = "Nadia Siddiqah";
				TargetAttributes = {
					090EEBE62509B373001DDC3E = {
						CreatedOnToolsVersion = 11.6;
					};
				};
			};
			buildConfigurationList = 090EEBE22509B373001DDC3E /* Build configuration list for PBXProject "FoodPin" */;
			compatibilityVersion = "Xcode 9.3";
			developmentRegion = en;
			hasScannedForEncodings = 0;
			knownRegions = (
				en,
				Base,
			);
			mainGroup = 090EEBDE2509B373001DDC3E;
			productRefGroup = 090EEBE82509B373001DDC3E /* Products */;
			projectDirPath = "";
			projectRoot = "";
			targets = (
				090EEBE62509B373001DDC3E /* FoodPin */,
			);
		};
/* End PBXProject section */

/* Begin PBXResourcesBuildPhase section */
		090EEBE52509B373001DDC3E /* Resources */ = {
			isa = PBXResourcesBuildPhase;
			buildActionMask = 2147483647;
			files = (
				09CAF085250B1A5C00C4140D /* Rubik-Bold.ttf in Resources */,
				09CAF082250B1A5C00C4140D /* Rubik-BlackItalic.ttf in Resources */,
				09CAF081250B1A5C00C4140D /* Rubik-SemiBold.ttf in Resources */,
				09CAF07E250B1A5C00C4140D /* Rubik-Black.ttf in Resources */,
				090EEBF42509B375001DDC3E /* Assets.xcassets in Resources */,
				09CAF086250B1A5C00C4140D /* Rubik-BoldItalic.ttf in Resources */,
				09CAF087250B1A5C00C4140D /* Rubik-LightItalic.ttf in Resources */,
				09CAF07C250B1A5C00C4140D /* Rubik-Light.ttf in Resources */,
				09CAF080250B1A5C00C4140D /* Rubik-MediumItalic.ttf in Resources */,
				09CAF083250B1A5C00C4140D /* Rubik-Regular.ttf in Resources */,
				09CAF07D250B1A5C00C4140D /* Rubik-SemiBoldItalic.ttf in Resources */,
				09CAF084250B1A5C00C4140D /* Rubik-Italic.ttf in Resources */,
				09B3AE75250B125900C24B1F /* LaunchScreen.storyboard in Resources */,
				09B3AE76250B125900C24B1F /* Main.storyboard in Resources */,
				09CAF089250B1A5C00C4140D /* Rubik-ExtraBoldItalic.ttf in Resources */,
				09CAF088250B1A5C00C4140D /* Rubik-ExtraBold.ttf in Resources */,
				09CAF07F250B1A5C00C4140D /* Rubik-Medium.ttf in Resources */,
			);
			runOnlyForDeploymentPostprocessing = 0;
		};
/* End PBXResourcesBuildPhase section */

/* Begin PBXSourcesBuildPhase section */
		090EEBE32509B373001DDC3E /* Sources */ = {
			isa = PBXSourcesBuildPhase;
			buildActionMask = 2147483647;
			files = (
				09602EC7250B0D32000B50E3 /* RestaurantDetailTextCell.swift in Sources */,
				090EEBEB2509B373001DDC3E /* AppDelegate.swift in Sources */,
				090EEC0B2509E1B1001DDC3E /* Restaurant.swift in Sources */,
				09602ECB250B0D89000B50E3 /* RestaurantDetailHeaderView.swift in Sources */,
				09602EC5250B0D2C000B50E3 /* RestaurantDetailIconTextCell.swift in Sources */,
				09602ECA250B0D89000B50E3 /* RestaurantTableViewCell.swift in Sources */,
				09602ECE250B0D9B000B50E3 /* RestaurantTableViewController.swift in Sources */,
				09602ECF250B0D9B000B50E3 /* RestaurantDetailViewController.swift in Sources */,
				090EEBED2509B373001DDC3E /* SceneDelegate.swift in Sources */,
			);
			runOnlyForDeploymentPostprocessing = 0;
		};
/* End PBXSourcesBuildPhase section */

/* Begin XCBuildConfiguration section */
		090EEBF92509B375001DDC3E /* Debug */ = {
			isa = XCBuildConfiguration;
			buildSettings = {
				ALWAYS_SEARCH_USER_PATHS = NO;
				CLANG_ANALYZER_NONNULL = YES;
				CLANG_ANALYZER_NUMBER_OBJECT_CONVERSION = YES_AGGRESSIVE;
				CLANG_CXX_LANGUAGE_STANDARD = "gnu++14";
				CLANG_CXX_LIBRARY = "libc++";
				CLANG_ENABLE_MODULES = YES;
				CLANG_ENABLE_OBJC_ARC = YES;
				CLANG_ENABLE_OBJC_WEAK = YES;
				CLANG_WARN_BLOCK_CAPTURE_AUTORELEASING = YES;
				CLANG_WARN_BOOL_CONVERSION = YES;
				CLANG_WARN_COMMA = YES;
				CLANG_WARN_CONSTANT_CONVERSION = YES;
				CLANG_WARN_DEPRECATED_OBJC_IMPLEMENTATIONS = YES;
				CLANG_WARN_DIRECT_OBJC_ISA_USAGE = YES_ERROR;
				CLANG_WARN_DOCUMENTATION_COMMENTS = YES;
				CLANG_WARN_EMPTY_BODY = YES;
				CLANG_WARN_ENUM_CONVERSION = YES;
				CLANG_WARN_INFINITE_RECURSION = YES;
				CLANG_WARN_INT_CONVERSION = YES;
				CLANG_WARN_NON_LITERAL_NULL_CONVERSION = YES;
				CLANG_WARN_OBJC_IMPLICIT_RETAIN_SELF = YES;
				CLANG_WARN_OBJC_LITERAL_CONVERSION = YES;
				CLANG_WARN_OBJC_ROOT_CLASS = YES_ERROR;
				CLANG_WARN_RANGE_LOOP_ANALYSIS = YES;
				CLANG_WARN_STRICT_PROTOTYPES = YES;
				CLANG_WARN_SUSPICIOUS_MOVE = YES;
				CLANG_WARN_UNGUARDED_AVAILABILITY = YES_AGGRESSIVE;
				CLANG_WARN_UNREACHABLE_CODE = YES;
				CLANG_WARN__DUPLICATE_METHOD_MATCH = YES;
				COPY_PHASE_STRIP = NO;
				DEBUG_INFORMATION_FORMAT = dwarf;
				ENABLE_STRICT_OBJC_MSGSEND = YES;
				ENABLE_TESTABILITY = YES;
				GCC_C_LANGUAGE_STANDARD = gnu11;
				GCC_DYNAMIC_NO_PIC = NO;
				GCC_NO_COMMON_BLOCKS = YES;
				GCC_OPTIMIZATION_LEVEL = 0;
				GCC_PREPROCESSOR_DEFINITIONS = (
					"DEBUG=1",
					"$(inherited)",
				);
				GCC_WARN_64_TO_32_BIT_CONVERSION = YES;
				GCC_WARN_ABOUT_RETURN_TYPE = YES_ERROR;
				GCC_WARN_UNDECLARED_SELECTOR = YES;
				GCC_WARN_UNINITIALIZED_AUTOS = YES_AGGRESSIVE;
				GCC_WARN_UNUSED_FUNCTION = YES;
				GCC_WARN_UNUSED_VARIABLE = YES;
				IPHONEOS_DEPLOYMENT_TARGET = 13.6;
				MTL_ENABLE_DEBUG_INFO = INCLUDE_SOURCE;
				MTL_FAST_MATH = YES;
				ONLY_ACTIVE_ARCH = YES;
				SDKROOT = iphoneos;
				SWIFT_ACTIVE_COMPILATION_CONDITIONS = DEBUG;
				SWIFT_OPTIMIZATION_LEVEL = "-Onone";
			};
			name = Debug;
		};
		090EEBFA2509B375001DDC3E /* Release */ = {
			isa = XCBuildConfiguration;
			buildSettings = {
				ALWAYS_SEARCH_USER_PATHS = NO;
				CLANG_ANALYZER_NONNULL = YES;
				CLANG_ANALYZER_NUMBER_OBJECT_CONVERSION = YES_AGGRESSIVE;
				CLANG_CXX_LANGUAGE_STANDARD = "gnu++14";
				CLANG_CXX_LIBRARY = "libc++";
				CLANG_ENABLE_MODULES = YES;
				CLANG_ENABLE_OBJC_ARC = YES;
				CLANG_ENABLE_OBJC_WEAK = YES;
				CLANG_WARN_BLOCK_CAPTURE_AUTORELEASING = YES;
				CLANG_WARN_BOOL_CONVERSION = YES;
				CLANG_WARN_COMMA = YES;
				CLANG_WARN_CONSTANT_CONVERSION = YES;
				CLANG_WARN_DEPRECATED_OBJC_IMPLEMENTATIONS = YES;
				CLANG_WARN_DIRECT_OBJC_ISA_USAGE = YES_ERROR;
				CLANG_WARN_DOCUMENTATION_COMMENTS = YES;
				CLANG_WARN_EMPTY_BODY = YES;
				CLANG_WARN_ENUM_CONVERSION = YES;
				CLANG_WARN_INFINITE_RECURSION = YES;
				CLANG_WARN_INT_CONVERSION = YES;
				CLANG_WARN_NON_LITERAL_NULL_CONVERSION = YES;
				CLANG_WARN_OBJC_IMPLICIT_RETAIN_SELF = YES;
				CLANG_WARN_OBJC_LITERAL_CONVERSION = YES;
				CLANG_WARN_OBJC_ROOT_CLASS = YES_ERROR;
				CLANG_WARN_RANGE_LOOP_ANALYSIS = YES;
				CLANG_WARN_STRICT_PROTOTYPES = YES;
				CLANG_WARN_SUSPICIOUS_MOVE = YES;
				CLANG_WARN_UNGUARDED_AVAILABILITY = YES_AGGRESSIVE;
				CLANG_WARN_UNREACHABLE_CODE = YES;
				CLANG_WARN__DUPLICATE_METHOD_MATCH = YES;
				COPY_PHASE_STRIP = NO;
				DEBUG_INFORMATION_FORMAT = "dwarf-with-dsym";
				ENABLE_NS_ASSERTIONS = NO;
				ENABLE_STRICT_OBJC_MSGSEND = YES;
				GCC_C_LANGUAGE_STANDARD = gnu11;
				GCC_NO_COMMON_BLOCKS = YES;
				GCC_WARN_64_TO_32_BIT_CONVERSION = YES;
				GCC_WARN_ABOUT_RETURN_TYPE = YES_ERROR;
				GCC_WARN_UNDECLARED_SELECTOR = YES;
				GCC_WARN_UNINITIALIZED_AUTOS = YES_AGGRESSIVE;
				GCC_WARN_UNUSED_FUNCTION = YES;
				GCC_WARN_UNUSED_VARIABLE = YES;
				IPHONEOS_DEPLOYMENT_TARGET = 13.6;
				MTL_ENABLE_DEBUG_INFO = NO;
				MTL_FAST_MATH = YES;
				SDKROOT = iphoneos;
				SWIFT_COMPILATION_MODE = wholemodule;
				SWIFT_OPTIMIZATION_LEVEL = "-O";
				VALIDATE_PRODUCT = YES;
			};
			name = Release;
		};
		090EEBFC2509B375001DDC3E /* Debug */ = {
			isa = XCBuildConfiguration;
			buildSettings = {
				ASSETCATALOG_COMPILER_APPICON_NAME = AppIcon;
				CODE_SIGN_STYLE = Automatic;
				DEVELOPMENT_TEAM = C5GN2KM3ZR;
				INFOPLIST_FILE = FoodPin/Info.plist;
				LD_RUNPATH_SEARCH_PATHS = (
					"$(inherited)",
					"@executable_path/Frameworks",
				);
				PRODUCT_BUNDLE_IDENTIFIER = "Nadia-Siddiqah.FoodPin";
				PRODUCT_NAME = "$(TARGET_NAME)";
				SWIFT_VERSION = 5.0;
				TARGETED_DEVICE_FAMILY = "1,2";
			};
			name = Debug;
		};
		090EEBFD2509B375001DDC3E /* Release */ = {
			isa = XCBuildConfiguration;
			buildSettings = {
				ASSETCATALOG_COMPILER_APPICON_NAME = AppIcon;
				CODE_SIGN_STYLE = Automatic;
				DEVELOPMENT_TEAM = C5GN2KM3ZR;
				INFOPLIST_FILE = FoodPin/Info.plist;
				LD_RUNPATH_SEARCH_PATHS = (
					"$(inherited)",
					"@executable_path/Frameworks",
				);
				PRODUCT_BUNDLE_IDENTIFIER = "Nadia-Siddiqah.FoodPin";
				PRODUCT_NAME = "$(TARGET_NAME)";
				SWIFT_VERSION = 5.0;
				TARGETED_DEVICE_FAMILY = "1,2";
			};
			name = Release;
		};
/* End XCBuildConfiguration section */

/* Begin XCConfigurationList section */
		090EEBE22509B373001DDC3E /* Build configuration list for PBXProject "FoodPin" */ = {
			isa = XCConfigurationList;
			buildConfigurations = (
				090EEBF92509B375001DDC3E /* Debug */,
				090EEBFA2509B375001DDC3E /* Release */,
			);
			defaultConfigurationIsVisible = 0;
			defaultConfigurationName = Release;
		};
		090EEBFB2509B375001DDC3E /* Build configuration list for PBXNativeTarget "FoodPin" */ = {
			isa = XCConfigurationList;
			buildConfigurations = (
				090EEBFC2509B375001DDC3E /* Debug */,
				090EEBFD2509B375001DDC3E /* Release */,
			);
			defaultConfigurationIsVisible = 0;
			defaultConfigurationName = Release;
		};
/* End XCConfigurationList section */
	};
	rootObject = 090EEBDF2509B373001DDC3E /* Project object */;
}
